{
    "name": "@lue-bird/elm-state-interface",
    "version": "2.0.1",
    "lockfileVersion": 3,
    "requires": true,
    "packages": {
        "": {
            "name": "@lue-bird/elm-state-interface",
            "version": "2.0.1",
            "license": "MIT",
            "devDependencies": {
                "@typescript/lib-dom": "npm:@types/web@^0.0.142",
                "typescript": "^5.4.3"
            }
        },
        "node_modules/@typescript/lib-dom": {
            "name": "@types/web",
            "version": "0.0.142",
            "resolved": "https://registry.npmjs.org/@types/web/-/web-0.0.142.tgz",
            "integrity": "sha512-QWDvMW+P3sdq8rhiw3dNyBR64O5adSY80gBjRd2xI3BADGsAFpAglblWucsGUjKVKyPm4EbYZkvFs7BRxPsBOg==",
            "dev": true
        },
        "node_modules/typescript": {
            "version": "5.4.4",
            "resolved": "https://registry.npmjs.org/typescript/-/typescript-5.4.4.tgz",
            "integrity": "sha512-dGE2Vv8cpVvw28v8HCPqyb08EzbBURxDpuhJvTrusShUfGnhHBafDsLdS1EhhxyL6BJQE+2cT3dDPAv+MQ6oLw==",
            "dev": true,
            "bin": {
                "tsc": "bin/tsc",
                "tsserver": "bin/tsserver"
            },
            "engines": {
                "node": ">=14.17"
            }
        }
    }
}
